
Microsoft Visual Studio Solution File, Format Version 12.00
# Visual Studio Version 17
VisualStudioVersion = 17.14.36414.22 d17.14
MinimumVisualStudioVersion = 10.0.40219.1
Project("{FAE04EC0-301F-11D3-BF4B-00C04F79EFBC}") = "Franchise.MVC.WebApp.HuyLT", "Franchise.MVC.WebApp.HuyLT\Franchise.MVC.WebApp.HuyLT.csproj", "{32E6CCDD-62AE-4913-BBDD-9119A8A18B6B}"
EndProject
Project("{FAE04EC0-301F-11D3-BF4B-00C04F79EFBC}") = "Franchise.Entities.HuyLT", "Franchise.Entities.HuyLT\Franchise.Entities.HuyLT.csproj", "{E8483883-5A58-4AA8-BD3E-BDA4C9F50A35}"
EndProject
Project("{FAE04EC0-301F-11D3-BF4B-00C04F79EFBC}") = "Franchise.Repositories.HuyLT", "Franchise.Repositories.HuyLT\Franchise.Repositories.HuyLT.csproj", "{DA41EFC0-DE6B-4D70-9311-18183C74ECE4}"
EndProject
Project("{FAE04EC0-301F-11D3-BF4B-00C04F79EFBC}") = "Franchise.Services.HuyLT", "Franchise.Services.HuyLT\Franchise.Services.HuyLT.csproj", "{15F5E614-DBF4-4555-B43E-5A692B00CA46}"
EndProject
Global
	GlobalSection(SolutionConfigurationPlatforms) = preSolution
		Debug|Any CPU = Debug|Any CPU
		Release|Any CPU = Release|Any CPU
	EndGlobalSection
	GlobalSection(ProjectConfigurationPlatforms) = postSolution
		{32E6CCDD-62AE-4913-BBDD-9119A8A18B6B}.Debug|Any CPU.ActiveCfg = Debug|Any CPU
		{32E6CCDD-62AE-4913-BBDD-9119A8A18B6B}.Debug|Any CPU.Build.0 = Debug|Any CPU
		{32E6CCDD-62AE-4913-BBDD-9119A8A18B6B}.Release|Any CPU.ActiveCfg = Release|Any CPU
		{32E6CCDD-62AE-4913-BBDD-9119A8A18B6B}.Release|Any CPU.Build.0 = Release|Any CPU
		{E8483883-5A58-4AA8-BD3E-BDA4C9F50A35}.Debug|Any CPU.ActiveCfg = Debug|Any CPU
		{E8483883-5A58-4AA8-BD3E-BDA4C9F50A35}.Debug|Any CPU.Build.0 = Debug|Any CPU
		{E8483883-5A58-4AA8-BD3E-BDA4C9F50A35}.Release|Any CPU.ActiveCfg = Release|Any CPU
		{E8483883-5A58-4AA8-BD3E-BDA4C9F50A35}.Release|Any CPU.Build.0 = Release|Any CPU
		{DA41EFC0-DE6B-4D70-9311-18183C74ECE4}.Debug|Any CPU.ActiveCfg = Debug|Any CPU
		{DA41EFC0-DE6B-4D70-9311-18183C74ECE4}.Debug|Any CPU.Build.0 = Debug|Any CPU
		{DA41EFC0-DE6B-4D70-9311-18183C74ECE4}.Release|Any CPU.ActiveCfg = Release|Any CPU
		{DA41EFC0-DE6B-4D70-9311-18183C74ECE4}.Release|Any CPU.Build.0 = Release|Any CPU
		{15F5E614-DBF4-4555-B43E-5A692B00CA46}.Debug|Any CPU.ActiveCfg = Debug|Any CPU
		{15F5E614-DBF4-4555-B43E-5A692B00CA46}.Debug|Any CPU.Build.0 = Debug|Any CPU
		{15F5E614-DBF4-4555-B43E-5A692B00CA46}.Release|Any CPU.ActiveCfg = Release|Any CPU
		{15F5E614-DBF4-4555-B43E-5A692B00CA46}.Release|Any CPU.Build.0 = Release|Any CPU
	EndGlobalSection
	GlobalSection(SolutionProperties) = preSolution
		HideSolutionNode = FALSE
	EndGlobalSection
	GlobalSection(ExtensibilityGlobals) = postSolution
		SolutionGuid = {FE0816DF-C009-470F-8797-B3F30865D3E6}
	EndGlobalSection
EndGlobal
