
Microsoft Visual Studio Solution File, Format Version 12.00
# Visual Studio Version 17
VisualStudioVersion = 17.14.36414.22 d17.14
MinimumVisualStudioVersion = 10.0.40219.1
Project("{FAE04EC0-301F-11D3-BF4B-00C04F79EFBC}") = "Franchise.Razor.WebApp.HuyLT", "Franchise.Razor.WebApp.HuyLT\Franchise.Razor.WebApp.HuyLT.csproj", "{F9C694CF-444B-4184-BBAD-1C8898FF5098}"
EndProject
Project("{FAE04EC0-301F-11D3-BF4B-00C04F79EFBC}") = "Franchise.Entities.HuyLT", "..\SP26_PRN222_SE1816_ASM01_SE184712_HuyLT\Franchise.Entities.HuyLT\Franchise.Entities.HuyLT.csproj", "{DEB71B96-7C05-4547-9931-426B06550BD4}"
EndProject
Project("{FAE04EC0-301F-11D3-BF4B-00C04F79EFBC}") = "Franchise.Repositories.HuyLT", "..\SP26_PRN222_SE1816_ASM01_SE184712_HuyLT\Franchise.Repositories.HuyLT\Franchise.Repositories.HuyLT.csproj", "{258CA8D4-2748-51C0-E4C4-A695C855DAFE}"
EndProject
Project("{FAE04EC0-301F-11D3-BF4B-00C04F79EFBC}") = "Franchise.Services.HuyLT", "..\SP26_PRN222_SE1816_ASM01_SE184712_HuyLT\Franchise.Services.HuyLT\Franchise.Services.HuyLT.csproj", "{1501FECC-7DF5-C93B-E5FE-DA7F14EC3F2D}"
EndProject
Global
	GlobalSection(SolutionConfigurationPlatforms) = preSolution
		Debug|Any CPU = Debug|Any CPU
		Release|Any CPU = Release|Any CPU
	EndGlobalSection
	GlobalSection(ProjectConfigurationPlatforms) = postSolution
		{F9C694CF-444B-4184-BBAD-1C8898FF5098}.Debug|Any CPU.ActiveCfg = Debug|Any CPU
		{F9C694CF-444B-4184-BBAD-1C8898FF5098}.Debug|Any CPU.Build.0 = Debug|Any CPU
		{F9C694CF-444B-4184-BBAD-1C8898FF5098}.Release|Any CPU.ActiveCfg = Release|Any CPU
		{F9C694CF-444B-4184-BBAD-1C8898FF5098}.Release|Any CPU.Build.0 = Release|Any CPU
		{DEB71B96-7C05-4547-9931-426B06550BD4}.Debug|Any CPU.ActiveCfg = Debug|Any CPU
		{DEB71B96-7C05-4547-9931-426B06550BD4}.Debug|Any CPU.Build.0 = Debug|Any CPU
		{DEB71B96-7C05-4547-9931-426B06550BD4}.Release|Any CPU.ActiveCfg = Release|Any CPU
		{DEB71B96-7C05-4547-9931-426B06550BD4}.Release|Any CPU.Build.0 = Release|Any CPU
		{258CA8D4-2748-51C0-E4C4-A695C855DAFE}.Debug|Any CPU.ActiveCfg = Debug|Any CPU
		{258CA8D4-2748-51C0-E4C4-A695C855DAFE}.Debug|Any CPU.Build.0 = Debug|Any CPU
		{258CA8D4-2748-51C0-E4C4-A695C855DAFE}.Release|Any CPU.ActiveCfg = Release|Any CPU
		{258CA8D4-2748-51C0-E4C4-A695C855DAFE}.Release|Any CPU.Build.0 = Release|Any CPU
		{1501FECC-7DF5-C93B-E5FE-DA7F14EC3F2D}.Debug|Any CPU.ActiveCfg = Debug|Any CPU
		{1501FECC-7DF5-C93B-E5FE-DA7F14EC3F2D}.Debug|Any CPU.Build.0 = Debug|Any CPU
		{1501FECC-7DF5-C93B-E5FE-DA7F14EC3F2D}.Release|Any CPU.ActiveCfg = Release|Any CPU
		{1501FECC-7DF5-C93B-E5FE-DA7F14EC3F2D}.Release|Any CPU.Build.0 = Release|Any CPU
	EndGlobalSection
	GlobalSection(SolutionProperties) = preSolution
		HideSolutionNode = FALSE
	EndGlobalSection
	GlobalSection(ExtensibilityGlobals) = postSolution
		SolutionGuid = {EA9F94CD-D73B-4031-A857-8102DEFFB7A5}
	EndGlobalSection
EndGlobal
